
Microsoft Visual Studio Solution File, Format Version 11.00
# Visual Studio 2010
Project("{8BC9CEB8-8B4A-11D0-8D11-00A0C91BC942}") = "tutorial1", "tutorial1\tutorial1.vcxproj", "{B8628CFE-F3B2-4D1A-8ED4-0585D3102F8D}"
EndProject
Project("{8BC9CEB8-8B4A-11D0-8D11-00A0C91BC942}") = "tutorial2", "tutorial2\tutorial2.vcxproj", "{B652C205-C96C-4283-8461-D9E9B34DBDDA}"
EndProject
Project("{8BC9CEB8-8B4A-11D0-8D11-00A0C91BC942}") = "tutorial3", "tutorial3\tutorial3.vcxproj", "{D85877DE-3419-4FD8-9566-68E2A01DA8AD}"
EndProject
Project("{8BC9CEB8-8B4A-11D0-8D11-00A0C91BC942}") = "tutorial4", "tutorial4\tutorial4.vcxproj", "{A10B9C0B-C941-4295-A423-AEA977DE98B7}"
EndProject
Project("{8BC9CEB8-8B4A-11D0-8D11-00A0C91BC942}") = "tutorial6", "tutorial6\tutorial6.vcxproj", "{636C2E45-AD5A-4578-8386-685BCEFD918E}"
EndProject
Project("{8BC9CEB8-8B4A-11D0-8D11-00A0C91BC942}") = "SharedBuild", "SharedBuild\SharedBuild.vcxproj", "{4C3CD3F2-B881-4F77-831B-723D09D2DD39}"
EndProject
Project("{8BC9CEB8-8B4A-11D0-8D11-00A0C91BC942}") = "CItutorial1", "CItutorial1\CItutorial1.vcxproj", "{DC76E290-9392-4824-8C15-65CBB721C2EA}"
EndProject
Project("{8BC9CEB8-8B4A-11D0-8D11-00A0C91BC942}") = "CItutorial2", "CItutorial2\CItutorial2.vcxproj", "{4FBB3914-2638-4922-AFAF-C13D70D58EA8}"
EndProject
Project("{8BC9CEB8-8B4A-11D0-8D11-00A0C91BC942}") = "CItutorial3", "CItutorial3\CItutorial3.vcxproj", "{ACE80EE9-F690-4F05-A070-CAF4394C6A8B}"
EndProject
Project("{8BC9CEB8-8B4A-11D0-8D11-00A0C91BC942}") = "CItutorial4", "CItutorial4\CItutorial4.vcxproj", "{9F0282CE-4917-40DD-AB0F-1B9D10B6D2E2}"
EndProject
Project("{8BC9CEB8-8B4A-11D0-8D11-00A0C91BC942}") = "CItutorial6", "CItutorial6\CItutorial6.vcxproj", "{D58115B0-2851-42AF-A2C6-70EA1E2B4C10}"
EndProject
Global
	GlobalSection(SolutionConfigurationPlatforms) = preSolution
		Debug|Win32 = Debug|Win32
		Release|Win32 = Release|Win32
	EndGlobalSection
	GlobalSection(ProjectConfigurationPlatforms) = postSolution
		{B8628CFE-F3B2-4D1A-8ED4-0585D3102F8D}.Debug|Win32.ActiveCfg = Debug|Win32
		{B8628CFE-F3B2-4D1A-8ED4-0585D3102F8D}.Debug|Win32.Build.0 = Debug|Win32
		{B8628CFE-F3B2-4D1A-8ED4-0585D3102F8D}.Release|Win32.ActiveCfg = Release|Win32
		{B8628CFE-F3B2-4D1A-8ED4-0585D3102F8D}.Release|Win32.Build.0 = Release|Win32
		{B652C205-C96C-4283-8461-D9E9B34DBDDA}.Debug|Win32.ActiveCfg = Debug|Win32
		{B652C205-C96C-4283-8461-D9E9B34DBDDA}.Debug|Win32.Build.0 = Debug|Win32
		{B652C205-C96C-4283-8461-D9E9B34DBDDA}.Release|Win32.ActiveCfg = Release|Win32
		{B652C205-C96C-4283-8461-D9E9B34DBDDA}.Release|Win32.Build.0 = Release|Win32
		{D85877DE-3419-4FD8-9566-68E2A01DA8AD}.Debug|Win32.ActiveCfg = Debug|Win32
		{D85877DE-3419-4FD8-9566-68E2A01DA8AD}.Debug|Win32.Build.0 = Debug|Win32
		{D85877DE-3419-4FD8-9566-68E2A01DA8AD}.Release|Win32.ActiveCfg = Release|Win32
		{D85877DE-3419-4FD8-9566-68E2A01DA8AD}.Release|Win32.Build.0 = Release|Win32
		{A10B9C0B-C941-4295-A423-AEA977DE98B7}.Debug|Win32.ActiveCfg = Debug|Win32
		{A10B9C0B-C941-4295-A423-AEA977DE98B7}.Debug|Win32.Build.0 = Debug|Win32
		{A10B9C0B-C941-4295-A423-AEA977DE98B7}.Release|Win32.ActiveCfg = Release|Win32
		{A10B9C0B-C941-4295-A423-AEA977DE98B7}.Release|Win32.Build.0 = Release|Win32
		{636C2E45-AD5A-4578-8386-685BCEFD918E}.Debug|Win32.ActiveCfg = Debug|Win32
		{636C2E45-AD5A-4578-8386-685BCEFD918E}.Debug|Win32.Build.0 = Debug|Win32
		{636C2E45-AD5A-4578-8386-685BCEFD918E}.Release|Win32.ActiveCfg = Release|Win32
		{636C2E45-AD5A-4578-8386-685BCEFD918E}.Release|Win32.Build.0 = Release|Win32
		{4C3CD3F2-B881-4F77-831B-723D09D2DD39}.Debug|Win32.ActiveCfg = Debug|Win32
		{4C3CD3F2-B881-4F77-831B-723D09D2DD39}.Debug|Win32.Build.0 = Debug|Win32
		{4C3CD3F2-B881-4F77-831B-723D09D2DD39}.Release|Win32.ActiveCfg = Release|Win32
		{4C3CD3F2-B881-4F77-831B-723D09D2DD39}.Release|Win32.Build.0 = Release|Win32
		{DC76E290-9392-4824-8C15-65CBB721C2EA}.Debug|Win32.ActiveCfg = Debug|Win32
		{DC76E290-9392-4824-8C15-65CBB721C2EA}.Debug|Win32.Build.0 = Debug|Win32
		{DC76E290-9392-4824-8C15-65CBB721C2EA}.Release|Win32.ActiveCfg = Release|Win32
		{DC76E290-9392-4824-8C15-65CBB721C2EA}.Release|Win32.Build.0 = Release|Win32
		{4FBB3914-2638-4922-AFAF-C13D70D58EA8}.Debug|Win32.ActiveCfg = Debug|Win32
		{4FBB3914-2638-4922-AFAF-C13D70D58EA8}.Debug|Win32.Build.0 = Debug|Win32
		{4FBB3914-2638-4922-AFAF-C13D70D58EA8}.Release|Win32.ActiveCfg = Release|Win32
		{4FBB3914-2638-4922-AFAF-C13D70D58EA8}.Release|Win32.Build.0 = Release|Win32
		{ACE80EE9-F690-4F05-A070-CAF4394C6A8B}.Debug|Win32.ActiveCfg = Debug|Win32
		{ACE80EE9-F690-4F05-A070-CAF4394C6A8B}.Debug|Win32.Build.0 = Debug|Win32
		{ACE80EE9-F690-4F05-A070-CAF4394C6A8B}.Release|Win32.ActiveCfg = Release|Win32
		{ACE80EE9-F690-4F05-A070-CAF4394C6A8B}.Release|Win32.Build.0 = Release|Win32
		{9F0282CE-4917-40DD-AB0F-1B9D10B6D2E2}.Debug|Win32.ActiveCfg = Debug|Win32
		{9F0282CE-4917-40DD-AB0F-1B9D10B6D2E2}.Debug|Win32.Build.0 = Debug|Win32
		{9F0282CE-4917-40DD-AB0F-1B9D10B6D2E2}.Release|Win32.ActiveCfg = Release|Win32
		{9F0282CE-4917-40DD-AB0F-1B9D10B6D2E2}.Release|Win32.Build.0 = Release|Win32
		{D58115B0-2851-42AF-A2C6-70EA1E2B4C10}.Debug|Win32.ActiveCfg = Debug|Win32
		{D58115B0-2851-42AF-A2C6-70EA1E2B4C10}.Debug|Win32.Build.0 = Debug|Win32
		{D58115B0-2851-42AF-A2C6-70EA1E2B4C10}.Release|Win32.ActiveCfg = Release|Win32
		{D58115B0-2851-42AF-A2C6-70EA1E2B4C10}.Release|Win32.Build.0 = Release|Win32
	EndGlobalSection
	GlobalSection(SolutionProperties) = preSolution
		HideSolutionNode = FALSE
	EndGlobalSection
EndGlobal
